// !$*UTF8*$!
{
	archiveVersion = 1;
	classes = {
	};
	objectVersion = 50;
	objects = {

/* Begin PBXBuildFile section */
		343AC84223869EEA001A6543 /* AppDelegate.m in Sources */ = {isa = PBXBuildFile; fileRef = 343AC84123869EEA001A6543 /* AppDelegate.m */; };
		343AC84523869EEA001A6543 /* SceneDelegate.m in Sources */ = {isa = PBXBuildFile; fileRef = 343AC84423869EEA001A6543 /* SceneDelegate.m */; };
		343AC84823869EEA001A6543 /* ViewController.m in Sources */ = {isa = PBXBuildFile; fileRef = 343AC84723869EEA001A6543 /* ViewController.m */; };
		343AC84B23869EEA001A6543 /* Main.storyboard in Resources */ = {isa = PBXBuildFile; fileRef = 343AC84923869EEA001A6543 /* Main.storyboard */; };
		343AC84D23869EEB001A6543 /* Assets.xcassets in Resources */ = {isa = PBXBuildFile; fileRef = 343AC84C23869EEB001A6543 /* Assets.xcassets */; };
		343AC85023869EEB001A6543 /* LaunchScreen.storyboard in Resources */ = {isa = PBXBuildFile; fileRef = 343AC84E23869EEB001A6543 /* LaunchScreen.storyboard */; };
		343AC85323869EEB001A6543 /* main.m in Sources */ = {isa = PBXBuildFile; fileRef = 343AC85223869EEB001A6543 /* main.m */; };
/* End PBXBuildFile section */

/* Begin PBXFileReference section */
		343AC83D23869EEA001A6543 /* GPUDemo.app */ = {isa = PBXFileReference; explicitFileType = wrapper.application; includeInIndex = 0; path = GPUDemo.app; sourceTree = BUILT_PRODUCTS_DIR; };
		343AC84023869EEA001A6543 /* AppDelegate.h */ = {isa = PBXFileReference; lastKnownFileType = sourcecode.c.h; path = AppDelegate.h; sourceTree = "<group>"; };
		343AC84123869EEA001A6543 /* AppDelegate.m */ = {isa = PBXFileReference; lastKnownFileType = sourcecode.c.objc; path = AppDelegate.m; sourceTree = "<group>"; };
		343AC84323869EEA001A6543 /* SceneDelegate.h */ = {isa = PBXFileReference; lastKnownFileType = sourcecode.c.h; path = SceneDelegate.h; sourceTree = "<group>"; };
		343AC84423869EEA001A6543 /* SceneDelegate.m */ = {isa = PBXFileReference; lastKnownFileType = sourcecode.c.objc; path = SceneDelegate.m; sourceTree = "<group>"; };
		343AC84623869EEA001A6543 /* ViewController.h */ = {isa = PBXFileReference; lastKnownFileType = sourcecode.c.h; path = ViewController.h; sourceTree = "<group>"; };
		343AC84723869EEA001A6543 /* ViewController.m */ = {isa = PBXFileReference; lastKnownFileType = sourcecode.c.objc; path = ViewController.m; sourceTree = "<group>"; };
		343AC84A23869EEA001A6543 /* Base */ = {isa = PBXFileReference; lastKnownFileType = file.storyboard; name = Base; path = Base.lproj/Main.storyboard; sourceTree = "<group>"; };
		343AC84C23869EEB001A6543 /* Assets.xcassets */ = {isa = PBXFileReference; lastKnownFileType = folder.assetcatalog; path = Assets.xcassets; sourceTree = "<group>"; };
		343AC84F23869EEB001A6543 /* Base */ = {isa = PBXFileReference; lastKnownFileType = file.storyboard; name = Base; path = Base.lproj/LaunchScreen.storyboard; sourceTree = "<group>"; };
		343AC85123869EEB001A6543 /* Info.plist */ = {isa = PBXFileReference; lastKnownFileType = text.plist.xml; path = Info.plist; sourceTree = "<group>"; };
		343AC85223869EEB001A6543 /* main.m */ = {isa = PBXFileReference; lastKnownFileType = sourcecode.c.objc; path = main.m; sourceTree = "<group>"; };
/* End PBXFileReference section */

/* Begin PBXFrameworksBuildPhase section */
		343AC83A23869EEA001A6543 /* Frameworks */ = {
			isa = PBXFrameworksBuildPhase;
			buildActionMask = 2147483647;
			files = (
			);
			runOnlyForDeploymentPostprocessing = 0;
		};
/* End PBXFrameworksBuildPhase section */

/* Begin PBXGroup section */
		343AC83423869EEA001A6543 = {
			isa = PBXGroup;
			children = (
				343AC83F23869EEA001A6543 /* GPUDemo */,
				343AC83E23869EEA001A6543 /* Products */,
			);
			sourceTree = "<group>";
		};
		343AC83E23869EEA001A6543 /* Products */ = {
			isa = PBXGroup;
			children = (
				343AC83D23869EEA001A6543 /* GPUDemo.app */,
			);
			name = Products;
			sourceTree = "<group>";
		};
		343AC83F23869EEA001A6543 /* GPUDemo */ = {
			isa = PBXGroup;
			children = (
				343AC84023869EEA001A6543 /* AppDelegate.h */,
				343AC84123869EEA001A6543 /* AppDelegate.m */,
				343AC84323869EEA001A6543 /* SceneDelegate.h */,
				343AC84423869EEA001A6543 /* SceneDelegate.m */,
				343AC84623869EEA001A6543 /* ViewController.h */,
				343AC84723869EEA001A6543 /* ViewController.m */,
				343AC84923869EEA001A6543 /* Main.storyboard */,
				343AC84C23869EEB001A6543 /* Assets.xcassets */,
				343AC84E23869EEB001A6543 /* LaunchScreen.storyboard */,
				343AC85123869EEB001A6543 /* Info.plist */,
				343AC85223869EEB001A6543 /* main.m */,
			);
			path = GPUDemo;
			sourceTree = "<group>";
		};
/* End PBXGroup section */

/* Begin PBXNativeTarget section */
		343AC83C23869EEA001A6543 /* GPUDemo */ = {
			isa = PBXNativeTarget;
			buildConfigurationList = 343AC85623869EEB001A6543 /* Build configuration list for PBXNativeTarget "GPUDemo" */;
			buildPhases = (
				343AC83923869EEA001A6543 /* Sources */,
				343AC83A23869EEA001A6543 /* Frameworks */,
				343AC83B23869EEA001A6543 /* Resources */,
			);
			buildRules = (
			);
			dependencies = (
			);
			name = GPUDemo;
			productName = GPUDemo;
			productReference = 343AC83D23869EEA001A6543 /* GPUDemo.app */;
			productType = "com.apple.product-type.application";
		};
/* End PBXNativeTarget section */

/* Begin PBXProject section */
		343AC83523869EEA001A6543 /* Project object */ = {
			isa = PBXProject;
			attributes = {
				LastUpgradeCheck = 1100;
				ORGANIZATIONNAME = "李超群";
				TargetAttributes = {
					343AC83C23869EEA001A6543 = {
						CreatedOnToolsVersion = 11.0;
					};
				};
			};
			buildConfigurationList = 343AC83823869EEA001A6543 /* Build configuration list for PBXProject "GPUDemo" */;
			compatibilityVersion = "Xcode 9.3";
			developmentRegion = en;
			hasScannedForEncodings = 0;
			knownRegions = (
				en,
				Base,
			);
			mainGroup = 343AC83423869EEA001A6543;
			productRefGroup = 343AC83E23869EEA001A6543 /* Products */;
			projectDirPath = "";
			projectRoot = "";
			targets = (
				343AC83C23869EEA001A6543 /* GPUDemo */,
			);
		};
/* End PBXProject section */

/* Begin PBXResourcesBuildPhase section */
		343AC83B23869EEA001A6543 /* Resources */ = {
			isa = PBXResourcesBuildPhase;
			buildActionMask = 2147483647;
			files = (
				343AC85023869EEB001A6543 /* LaunchScreen.storyboard in Resources */,
				343AC84D23869EEB001A6543 /* Assets.xcassets in Resources */,
				343AC84B23869EEA001A6543 /* Main.storyboard in Resources */,
			);
			runOnlyForDeploymentPostprocessing = 0;
		};
/* End PBXResourcesBuildPhase section */

/* Begin PBXSourcesBuildPhase section */
		343AC83923869EEA001A6543 /* Sources */ = {
			isa = PBXSourcesBuildPhase;
			buildActionMask = 2147483647;
			files = (
				343AC84823869EEA001A6543 /* ViewController.m in Sources */,
				343AC84223869EEA001A6543 /* AppDelegate.m in Sources */,
				343AC85323869EEB001A6543 /* main.m in Sources */,
				343AC84523869EEA001A6543 /* SceneDelegate.m in Sources */,
			);
			runOnlyForDeploymentPostprocessing = 0;
		};
/* End PBXSourcesBuildPhase section */

/* Begin PBXVariantGroup section */
		343AC84923869EEA001A6543 /* Main.storyboard */ = {
			isa = PBXVariantGroup;
			children = (
				343AC84A23869EEA001A6543 /* Base */,
			);
			name = Main.storyboard;
			sourceTree = "<group>";
		};
		343AC84E23869EEB001A6543 /* LaunchScreen.storyboard */ = {
			isa = PBXVariantGroup;
			children = (
				343AC84F23869EEB001A6543 /* Base */,
			);
			name = LaunchScreen.storyboard;
			sourceTree = "<group>";
		};
/* End PBXVariantGroup section */

/* Begin XCBuildConfiguration section */
		343AC85423869EEB001A6543 /* Debug */ = {
			isa = XCBuildConfiguration;
			buildSettings = {
				ALWAYS_SEARCH_USER_PATHS = NO;
				CLANG_ANALYZER_NONNULL = YES;
				CLANG_ANALYZER_NUMBER_OBJECT_CONVERSION = YES_AGGRESSIVE;
				CLANG_CXX_LANGUAGE_STANDARD = "gnu++14";
				CLANG_CXX_LIBRARY = "libc++";
				CLANG_ENABLE_MODULES = YES;
				CLANG_ENABLE_OBJC_ARC = YES;
				CLANG_ENABLE_OBJC_WEAK = YES;
				CLANG_WARN_BLOCK_CAPTURE_AUTORELEASING = YES;
				CLANG_WARN_BOOL_CONVERSION = YES;
				CLANG_WARN_COMMA = YES;
				CLANG_WARN_CONSTANT_CONVERSION = YES;
				CLANG_WARN_DEPRECATED_OBJC_IMPLEMENTATIONS = YES;
				CLANG_WARN_DIRECT_OBJC_ISA_USAGE = YES_ERROR;
				CLANG_WARN_DOCUMENTATION_COMMENTS = YES;
				CLANG_WARN_EMPTY_BODY = YES;
				CLANG_WARN_ENUM_CONVERSION = YES;
				CLANG_WARN_INFINITE_RECURSION = YES;
				CLANG_WARN_INT_CONVERSION = YES;
				CLANG_WARN_NON_LITERAL_NULL_CONVERSION = YES;
				CLANG_WARN_OBJC_IMPLICIT_RETAIN_SELF = YES;
				CLANG_WARN_OBJC_LITERAL_CONVERSION = YES;
				CLANG_WARN_OBJC_ROOT_CLASS = YES_ERROR;
				CLANG_WARN_RANGE_LOOP_ANALYSIS = YES;
				CLANG_WARN_STRICT_PROTOTYPES = YES;
				CLANG_WARN_SUSPICIOUS_MOVE = YES;
				CLANG_WARN_UNGUARDED_AVAILABILITY = YES_AGGRESSIVE;
				CLANG_WARN_UNREACHABLE_CODE = YES;
				CLANG_WARN__DUPLICATE_METHOD_MATCH = YES;
				COPY_PHASE_STRIP = NO;
				DEBUG_INFORMATION_FORMAT = dwarf;
				ENABLE_STRICT_OBJC_MSGSEND = YES;
				ENABLE_TESTABILITY = YES;
				GCC_C_LANGUAGE_STANDARD = gnu11;
				GCC_DYNAMIC_NO_PIC = NO;
				GCC_NO_COMMON_BLOCKS = YES;
				GCC_OPTIMIZATION_LEVEL = 0;
				GCC_PREPROCESSOR_DEFINITIONS = (
					"DEBUG=1",
					"$(inherited)",
				);
				GCC_WARN_64_TO_32_BIT_CONVERSION = YES;
				GCC_WARN_ABOUT_RETURN_TYPE = YES_ERROR;
				GCC_WARN_UNDECLARED_SELECTOR = YES;
				GCC_WARN_UNINITIALIZED_AUTOS = YES_AGGRESSIVE;
				GCC_WARN_UNUSED_FUNCTION = YES;
				GCC_WARN_UNUSED_VARIABLE = YES;
				IPHONEOS_DEPLOYMENT_TARGET = 13.0;
				MTL_ENABLE_DEBUG_INFO = INCLUDE_SOURCE;
				MTL_FAST_MATH = YES;
				ONLY_ACTIVE_ARCH = YES;
				SDKROOT = iphoneos;
			};
			name = Debug;
		};
		343AC85523869EEB001A6543 /* Release */ = {
			isa = XCBuildConfiguration;
			buildSettings = {
				ALWAYS_SEARCH_USER_PATHS = NO;
				CLANG_ANALYZER_NONNULL = YES;
				CLANG_ANALYZER_NUMBER_OBJECT_CONVERSION = YES_AGGRESSIVE;
				CLANG_CXX_LANGUAGE_STANDARD = "gnu++14";
				CLANG_CXX_LIBRARY = "libc++";
				CLANG_ENABLE_MODULES = YES;
				CLANG_ENABLE_OBJC_ARC = YES;
				CLANG_ENABLE_OBJC_WEAK = YES;
				CLANG_WARN_BLOCK_CAPTURE_AUTORELEASING = YES;
				CLANG_WARN_BOOL_CONVERSION = YES;
				CLANG_WARN_COMMA = YES;
				CLANG_WARN_CONSTANT_CONVERSION = YES;
				CLANG_WARN_DEPRECATED_OBJC_IMPLEMENTATIONS = YES;
				CLANG_WARN_DIRECT_OBJC_ISA_USAGE = YES_ERROR;
				CLANG_WARN_DOCUMENTATION_COMMENTS = YES;
				CLANG_WARN_EMPTY_BODY = YES;
				CLANG_WARN_ENUM_CONVERSION = YES;
				CLANG_WARN_INFINITE_RECURSION = YES;
				CLANG_WARN_INT_CONVERSION = YES;
				CLANG_WARN_NON_LITERAL_NULL_CONVERSION = YES;
				CLANG_WARN_OBJC_IMPLICIT_RETAIN_SELF = YES;
				CLANG_WARN_OBJC_LITERAL_CONVERSION = YES;
				CLANG_WARN_OBJC_ROOT_CLASS = YES_ERROR;
				CLANG_WARN_RANGE_LOOP_ANALYSIS = YES;
				CLANG_WARN_STRICT_PROTOTYPES = YES;
				CLANG_WARN_SUSPICIOUS_MOVE = YES;
				CLANG_WARN_UNGUARDED_AVAILABILITY = YES_AGGRESSIVE;
				CLANG_WARN_UNREACHABLE_CODE = YES;
				CLANG_WARN__DUPLICATE_METHOD_MATCH = YES;
				COPY_PHASE_STRIP = NO;
				DEBUG_INFORMATION_FORMAT = "dwarf-with-dsym";
				ENABLE_NS_ASSERTIONS = NO;
				ENABLE_STRICT_OBJC_MSGSEND = YES;
				GCC_C_LANGUAGE_STANDARD = gnu11;
				GCC_NO_COMMON_BLOCKS = YES;
				GCC_WARN_64_TO_32_BIT_CONVERSION = YES;
				GCC_WARN_ABOUT_RETURN_TYPE = YES_ERROR;
				GCC_WARN_UNDECLARED_SELECTOR = YES;
				GCC_WARN_UNINITIALIZED_AUTOS = YES_AGGRESSIVE;
				GCC_WARN_UNUSED_FUNCTION = YES;
				GCC_WARN_UNUSED_VARIABLE = YES;
				IPHONEOS_DEPLOYMENT_TARGET = 13.0;
				MTL_ENABLE_DEBUG_INFO = NO;
				MTL_FAST_MATH = YES;
				SDKROOT = iphoneos;
				VALIDATE_PRODUCT = YES;
			};
			name = Release;
		};
		343AC85723869EEB001A6543 /* Debug */ = {
			isa = XCBuildConfiguration;
			buildSettings = {
				ASSETCATALOG_COMPILER_APPICON_NAME = AppIcon;
				CODE_SIGN_STYLE = Automatic;
				INFOPLIST_FILE = GPUDemo/Info.plist;
				LD_RUNPATH_SEARCH_PATHS = (
					"$(inherited)",
					"@executable_path/Frameworks",
				);
				PRODUCT_BUNDLE_IDENTIFIER = com.tencent.tv.qie.GPUDemo;
				PRODUCT_NAME = "$(TARGET_NAME)";
				TARGETED_DEVICE_FAMILY = "1,2";
			};
			name = Debug;
		};
		343AC85823869EEB001A6543 /* Release */ = {
			isa = XCBuildConfiguration;
			buildSettings = {
				ASSETCATALOG_COMPILER_APPICON_NAME = AppIcon;
				CODE_SIGN_STYLE = Automatic;
				INFOPLIST_FILE = GPUDemo/Info.plist;
				LD_RUNPATH_SEARCH_PATHS = (
					"$(inherited)",
					"@executable_path/Frameworks",
				);
				PRODUCT_BUNDLE_IDENTIFIER = com.tencent.tv.qie.GPUDemo;
				PRODUCT_NAME = "$(TARGET_NAME)";
				TARGETED_DEVICE_FAMILY = "1,2";
			};
			name = Release;
		};
/* End XCBuildConfiguration section */

/* Begin XCConfigurationList section */
		343AC83823869EEA001A6543 /* Build configuration list for PBXProject "GPUDemo" */ = {
			isa = XCConfigurationList;
			buildConfigurations = (
				343AC85423869EEB001A6543 /* Debug */,
				343AC85523869EEB001A6543 /* Release */,
			);
			defaultConfigurationIsVisible = 0;
			defaultConfigurationName = Release;
		};
		343AC85623869EEB001A6543 /* Build configuration list for PBXNativeTarget "GPUDemo" */ = {
			isa = XCConfigurationList;
			buildConfigurations = (
				343AC85723869EEB001A6543 /* Debug */,
				343AC85823869EEB001A6543 /* Release */,
			);
			defaultConfigurationIsVisible = 0;
			defaultConfigurationName = Release;
		};
/* End XCConfigurationList section */
	};
	rootObject = 343AC83523869EEA001A6543 /* Project object */;
}
